// !$*UTF8*$!
{
	archiveVersion = 1;
	classes = {
	};
	objectVersion = 48;
	objects = {

/* Begin PBXBuildFile section */
		11A4311138A3CA72DB253682 /* Pods_SignTestApp.framework in Frameworks */ = {isa = PBXBuildFile; fileRef = 27EBEEC057937EBCB88D8F6A /* Pods_SignTestApp.framework */; };
		515758D1205C2BA700C3DA04 /* AppDelegate.swift in Sources */ = {isa = PBXBuildFile; fileRef = 515758D0205C2BA700C3DA04 /* AppDelegate.swift */; };
		515758D3205C2BA700C3DA04 /* ViewController.swift in Sources */ = {isa = PBXBuildFile; fileRef = 515758D2205C2BA700C3DA04 /* ViewController.swift */; };
		515758D6205C2BA700C3DA04 /* Main.storyboard in Resources */ = {isa = PBXBuildFile; fileRef = 515758D4205C2BA700C3DA04 /* Main.storyboard */; };
		515758D8205C2BA700C3DA04 /* Assets.xcassets in Resources */ = {isa = PBXBuildFile; fileRef = 515758D7205C2BA700C3DA04 /* Assets.xcassets */; };
		515758DB205C2BA700C3DA04 /* LaunchScreen.storyboard in Resources */ = {isa = PBXBuildFile; fileRef = 515758D9205C2BA700C3DA04 /* LaunchScreen.storyboard */; };
		515758E6205C2BA700C3DA04 /* SignTestAppTests.swift in Sources */ = {isa = PBXBuildFile; fileRef = 515758E5205C2BA700C3DA04 /* SignTestAppTests.swift */; };
		515758F1205C2BA700C3DA04 /* SignTestAppUITests.swift in Sources */ = {isa = PBXBuildFile; fileRef = 515758F0205C2BA700C3DA04 /* SignTestAppUITests.swift */; };
		515758FF205C31C600C3DA04 /* AuthViewController.swift in Sources */ = {isa = PBXBuildFile; fileRef = 515758FE205C31C600C3DA04 /* AuthViewController.swift */; };
/* End PBXBuildFile section */

/* Begin PBXContainerItemProxy section */
		515758E2205C2BA700C3DA04 /* PBXContainerItemProxy */ = {
			isa = PBXContainerItemProxy;
			containerPortal = 515758C5205C2BA700C3DA04 /* Project object */;
			proxyType = 1;
			remoteGlobalIDString = 515758CC205C2BA700C3DA04;
			remoteInfo = SignTestApp;
		};
		515758ED205C2BA700C3DA04 /* PBXContainerItemProxy */ = {
			isa = PBXContainerItemProxy;
			containerPortal = 515758C5205C2BA700C3DA04 /* Project object */;
			proxyType = 1;
			remoteGlobalIDString = 515758CC205C2BA700C3DA04;
			remoteInfo = SignTestApp;
		};
/* End PBXContainerItemProxy section */

/* Begin PBXFileReference section */
		27EBEEC057937EBCB88D8F6A /* Pods_SignTestApp.framework */ = {isa = PBXFileReference; explicitFileType = wrapper.framework; includeInIndex = 0; path = Pods_SignTestApp.framework; sourceTree = BUILT_PRODUCTS_DIR; };
		515758CD205C2BA700C3DA04 /* SignTestApp.app */ = {isa = PBXFileReference; explicitFileType = wrapper.application; includeInIndex = 0; path = SignTestApp.app; sourceTree = BUILT_PRODUCTS_DIR; };
		515758D0205C2BA700C3DA04 /* AppDelegate.swift */ = {isa = PBXFileReference; lastKnownFileType = sourcecode.swift; path = AppDelegate.swift; sourceTree = "<group>"; };
		515758D2205C2BA700C3DA04 /* ViewController.swift */ = {isa = PBXFileReference; lastKnownFileType = sourcecode.swift; path = ViewController.swift; sourceTree = "<group>"; };
		515758D5205C2BA700C3DA04 /* Base */ = {isa = PBXFileReference; lastKnownFileType = file.storyboard; name = Base; path = Base.lproj/Main.storyboard; sourceTree = "<group>"; };
		515758D7205C2BA700C3DA04 /* Assets.xcassets */ = {isa = PBXFileReference; lastKnownFileType = folder.assetcatalog; path = Assets.xcassets; sourceTree = "<group>"; };
		515758DA205C2BA700C3DA04 /* Base */ = {isa = PBXFileReference; lastKnownFileType = file.storyboard; name = Base; path = Base.lproj/LaunchScreen.storyboard; sourceTree = "<group>"; };
		515758DC205C2BA700C3DA04 /* Info.plist */ = {isa = PBXFileReference; lastKnownFileType = text.plist.xml; path = Info.plist; sourceTree = "<group>"; };
		515758E1205C2BA700C3DA04 /* SignTestAppTests.xctest */ = {isa = PBXFileReference; explicitFileType = wrapper.cfbundle; includeInIndex = 0; path = SignTestAppTests.xctest; sourceTree = BUILT_PRODUCTS_DIR; };
		515758E5205C2BA700C3DA04 /* SignTestAppTests.swift */ = {isa = PBXFileReference; lastKnownFileType = sourcecode.swift; path = SignTestAppTests.swift; sourceTree = "<group>"; };
		515758E7205C2BA700C3DA04 /* Info.plist */ = {isa = PBXFileReference; lastKnownFileType = text.plist.xml; path = Info.plist; sourceTree = "<group>"; };
		515758EC205C2BA700C3DA04 /* SignTestAppUITests.xctest */ = {isa = PBXFileReference; explicitFileType = wrapper.cfbundle; includeInIndex = 0; path = SignTestAppUITests.xctest; sourceTree = BUILT_PRODUCTS_DIR; };
		515758F0205C2BA700C3DA04 /* SignTestAppUITests.swift */ = {isa = PBXFileReference; lastKnownFileType = sourcecode.swift; path = SignTestAppUITests.swift; sourceTree = "<group>"; };
		515758F2205C2BA700C3DA04 /* Info.plist */ = {isa = PBXFileReference; lastKnownFileType = text.plist.xml; path = Info.plist; sourceTree = "<group>"; };
		515758FE205C31C600C3DA04 /* AuthViewController.swift */ = {isa = PBXFileReference; lastKnownFileType = sourcecode.swift; path = AuthViewController.swift; sourceTree = "<group>"; };
		8424BD750907A6712F575469 /* Pods-SignTestApp.debug.xcconfig */ = {isa = PBXFileReference; includeInIndex = 1; lastKnownFileType = text.xcconfig; name = "Pods-SignTestApp.debug.xcconfig"; path = "Pods/Target Support Files/Pods-SignTestApp/Pods-SignTestApp.debug.xcconfig"; sourceTree = "<group>"; };
		F421CAE2819FB9E4BAB6EC27 /* Pods-SignTestApp.release.xcconfig */ = {isa = PBXFileReference; includeInIndex = 1; lastKnownFileType = text.xcconfig; name = "Pods-SignTestApp.release.xcconfig"; path = "Pods/Target Support Files/Pods-SignTestApp/Pods-SignTestApp.release.xcconfig"; sourceTree = "<group>"; };
/* End PBXFileReference section */

/* Begin PBXFrameworksBuildPhase section */
		515758CA205C2BA700C3DA04 /* Frameworks */ = {
			isa = PBXFrameworksBuildPhase;
			buildActionMask = 2147483647;
			files = (
				11A4311138A3CA72DB253682 /* Pods_SignTestApp.framework in Frameworks */,
			);
			runOnlyForDeploymentPostprocessing = 0;
		};
		515758DE205C2BA700C3DA04 /* Frameworks */ = {
			isa = PBXFrameworksBuildPhase;
			buildActionMask = 2147483647;
			files = (
			);
			runOnlyForDeploymentPostprocessing = 0;
		};
		515758E9205C2BA700C3DA04 /* Frameworks */ = {
			isa = PBXFrameworksBuildPhase;
			buildActionMask = 2147483647;
			files = (
			);
			runOnlyForDeploymentPostprocessing = 0;
		};
/* End PBXFrameworksBuildPhase section */

/* Begin PBXGroup section */
		3CF55E82C3A12D3CBB4FAAB5 /* Frameworks */ = {
			isa = PBXGroup;
			children = (
				27EBEEC057937EBCB88D8F6A /* Pods_SignTestApp.framework */,
			);
			name = Frameworks;
			sourceTree = "<group>";
		};
		515758C4205C2BA700C3DA04 = {
			isa = PBXGroup;
			children = (
				515758CF205C2BA700C3DA04 /* SignTestApp */,
				515758E4205C2BA700C3DA04 /* SignTestAppTests */,
				515758EF205C2BA700C3DA04 /* SignTestAppUITests */,
				515758CE205C2BA700C3DA04 /* Products */,
				984AAC3BA7435258AABF8202 /* Pods */,
				3CF55E82C3A12D3CBB4FAAB5 /* Frameworks */,
			);
			sourceTree = "<group>";
		};
		515758CE205C2BA700C3DA04 /* Products */ = {
			isa = PBXGroup;
			children = (
				515758CD205C2BA700C3DA04 /* SignTestApp.app */,
				515758E1205C2BA700C3DA04 /* SignTestAppTests.xctest */,
				515758EC205C2BA700C3DA04 /* SignTestAppUITests.xctest */,
			);
			name = Products;
			sourceTree = "<group>";
		};
		515758CF205C2BA700C3DA04 /* SignTestApp */ = {
			isa = PBXGroup;
			children = (
				515758D0205C2BA700C3DA04 /* AppDelegate.swift */,
				515758D2205C2BA700C3DA04 /* ViewController.swift */,
				515758FE205C31C600C3DA04 /* AuthViewController.swift */,
				515758D4205C2BA700C3DA04 /* Main.storyboard */,
				515758D7205C2BA700C3DA04 /* Assets.xcassets */,
				515758D9205C2BA700C3DA04 /* LaunchScreen.storyboard */,
				515758DC205C2BA700C3DA04 /* Info.plist */,
			);
			path = SignTestApp;
			sourceTree = "<group>";
		};
		515758E4205C2BA700C3DA04 /* SignTestAppTests */ = {
			isa = PBXGroup;
			children = (
				515758E5205C2BA700C3DA04 /* SignTestAppTests.swift */,
				515758E7205C2BA700C3DA04 /* Info.plist */,
			);
			path = SignTestAppTests;
			sourceTree = "<group>";
		};
		515758EF205C2BA700C3DA04 /* SignTestAppUITests */ = {
			isa = PBXGroup;
			children = (
				515758F0205C2BA700C3DA04 /* SignTestAppUITests.swift */,
				515758F2205C2BA700C3DA04 /* Info.plist */,
			);
			path = SignTestAppUITests;
			sourceTree = "<group>";
		};
		984AAC3BA7435258AABF8202 /* Pods */ = {
			isa = PBXGroup;
			children = (
				8424BD750907A6712F575469 /* Pods-SignTestApp.debug.xcconfig */,
				F421CAE2819FB9E4BAB6EC27 /* Pods-SignTestApp.release.xcconfig */,
			);
			name = Pods;
			sourceTree = "<group>";
		};
/* End PBXGroup section */

/* Begin PBXNativeTarget section */
		515758CC205C2BA700C3DA04 /* SignTestApp */ = {
			isa = PBXNativeTarget;
			buildConfigurationList = 515758F5205C2BA700C3DA04 /* Build configuration list for PBXNativeTarget "SignTestApp" */;
			buildPhases = (
				50AC34EF75F6B3CEE9A04543 /* [CP] Check Pods Manifest.lock */,
				515758C9205C2BA700C3DA04 /* Sources */,
				515758CA205C2BA700C3DA04 /* Frameworks */,
				515758CB205C2BA700C3DA04 /* Resources */,
				025AFED7E68F0595AB5205F4 /* [CP] Embed Pods Frameworks */,
				2337A2DACECB67C1ECFCEB63 /* [CP] Copy Pods Resources */,
			);
			buildRules = (
			);
			dependencies = (
			);
			name = SignTestApp;
			productName = SignTestApp;
			productReference = 515758CD205C2BA700C3DA04 /* SignTestApp.app */;
			productType = "com.apple.product-type.application";
		};
		515758E0205C2BA700C3DA04 /* SignTestAppTests */ = {
			isa = PBXNativeTarget;
			buildConfigurationList = 515758F8205C2BA700C3DA04 /* Build configuration list for PBXNativeTarget "SignTestAppTests" */;
			buildPhases = (
				515758DD205C2BA700C3DA04 /* Sources */,
				515758DE205C2BA700C3DA04 /* Frameworks */,
				515758DF205C2BA700C3DA04 /* Resources */,
			);
			buildRules = (
			);
			dependencies = (
				515758E3205C2BA700C3DA04 /* PBXTargetDependency */,
			);
			name = SignTestAppTests;
			productName = SignTestAppTests;
			productReference = 515758E1205C2BA700C3DA04 /* SignTestAppTests.xctest */;
			productType = "com.apple.product-type.bundle.unit-test";
		};
		515758EB205C2BA700C3DA04 /* SignTestAppUITests */ = {
			isa = PBXNativeTarget;
			buildConfigurationList = 515758FB205C2BA700C3DA04 /* Build configuration list for PBXNativeTarget "SignTestAppUITests" */;
			buildPhases = (
				515758E8205C2BA700C3DA04 /* Sources */,
				515758E9205C2BA700C3DA04 /* Frameworks */,
				515758EA205C2BA700C3DA04 /* Resources */,
			);
			buildRules = (
			);
			dependencies = (
				515758EE205C2BA700C3DA04 /* PBXTargetDependency */,
			);
			name = SignTestAppUITests;
			productName = SignTestAppUITests;
			productReference = 515758EC205C2BA700C3DA04 /* SignTestAppUITests.xctest */;
			productType = "com.apple.product-type.bundle.ui-testing";
		};
/* End PBXNativeTarget section */

/* Begin PBXProject section */
		515758C5205C2BA700C3DA04 /* Project object */ = {
			isa = PBXProject;
			attributes = {
				LastSwiftUpdateCheck = 0920;
				LastUpgradeCheck = 0920;
				ORGANIZATIONNAME = "Rafael Mukhametov";
				TargetAttributes = {
					515758CC205C2BA700C3DA04 = {
						CreatedOnToolsVersion = 9.2;
						ProvisioningStyle = Automatic;
					};
					515758E0205C2BA700C3DA04 = {
						CreatedOnToolsVersion = 9.2;
						ProvisioningStyle = Automatic;
						TestTargetID = 515758CC205C2BA700C3DA04;
					};
					515758EB205C2BA700C3DA04 = {
						CreatedOnToolsVersion = 9.2;
						ProvisioningStyle = Automatic;
						TestTargetID = 515758CC205C2BA700C3DA04;
					};
				};
			};
			buildConfigurationList = 515758C8205C2BA700C3DA04 /* Build configuration list for PBXProject "SignTestApp" */;
			compatibilityVersion = "Xcode 8.0";
			developmentRegion = en;
			hasScannedForEncodings = 0;
			knownRegions = (
				en,
				Base,
			);
			mainGroup = 515758C4205C2BA700C3DA04;
			productRefGroup = 515758CE205C2BA700C3DA04 /* Products */;
			projectDirPath = "";
			projectRoot = "";
			targets = (
				515758CC205C2BA700C3DA04 /* SignTestApp */,
				515758E0205C2BA700C3DA04 /* SignTestAppTests */,
				515758EB205C2BA700C3DA04 /* SignTestAppUITests */,
			);
		};
/* End PBXProject section */

/* Begin PBXResourcesBuildPhase section */
		515758CB205C2BA700C3DA04 /* Resources */ = {
			isa = PBXResourcesBuildPhase;
			buildActionMask = 2147483647;
			files = (
				515758DB205C2BA700C3DA04 /* LaunchScreen.storyboard in Resources */,
				515758D8205C2BA700C3DA04 /* Assets.xcassets in Resources */,
				515758D6205C2BA700C3DA04 /* Main.storyboard in Resources */,
			);
			runOnlyForDeploymentPostprocessing = 0;
		};
		515758DF205C2BA700C3DA04 /* Resources */ = {
			isa = PBXResourcesBuildPhase;
			buildActionMask = 2147483647;
			files = (
			);
			runOnlyForDeploymentPostprocessing = 0;
		};
		515758EA205C2BA700C3DA04 /* Resources */ = {
			isa = PBXResourcesBuildPhase;
			buildActionMask = 2147483647;
			files = (
			);
			runOnlyForDeploymentPostprocessing = 0;
		};
/* End PBXResourcesBuildPhase section */

/* Begin PBXShellScriptBuildPhase section */
		025AFED7E68F0595AB5205F4 /* [CP] Embed Pods Frameworks */ = {
			isa = PBXShellScriptBuildPhase;
			buildActionMask = 2147483647;
			files = (
			);
			inputPaths = (
				"${SRCROOT}/Pods/Target Support Files/Pods-SignTestApp/Pods-SignTestApp-frameworks.sh",
				"${BUILT_PRODUCTS_DIR}/Alamofire/Alamofire.framework",
			);
			name = "[CP] Embed Pods Frameworks";
			outputPaths = (
				"${TARGET_BUILD_DIR}/${FRAMEWORKS_FOLDER_PATH}/Alamofire.framework",
			);
			runOnlyForDeploymentPostprocessing = 0;
			shellPath = /bin/sh;
			shellScript = "\"${SRCROOT}/Pods/Target Support Files/Pods-SignTestApp/Pods-SignTestApp-frameworks.sh\"\n";
			showEnvVarsInLog = 0;
		};
		2337A2DACECB67C1ECFCEB63 /* [CP] Copy Pods Resources */ = {
			isa = PBXShellScriptBuildPhase;
			buildActionMask = 2147483647;
			files = (
			);
			inputPaths = (
			);
			name = "[CP] Copy Pods Resources";
			outputPaths = (
			);
			runOnlyForDeploymentPostprocessing = 0;
			shellPath = /bin/sh;
			shellScript = "\"${SRCROOT}/Pods/Target Support Files/Pods-SignTestApp/Pods-SignTestApp-resources.sh\"\n";
			showEnvVarsInLog = 0;
		};
		50AC34EF75F6B3CEE9A04543 /* [CP] Check Pods Manifest.lock */ = {
			isa = PBXShellScriptBuildPhase;
			buildActionMask = 2147483647;
			files = (
			);
			inputPaths = (
				"${PODS_PODFILE_DIR_PATH}/Podfile.lock",
				"${PODS_ROOT}/Manifest.lock",
			);
			name = "[CP] Check Pods Manifest.lock";
			outputPaths = (
				"$(DERIVED_FILE_DIR)/Pods-SignTestApp-checkManifestLockResult.txt",
			);
			runOnlyForDeploymentPostprocessing = 0;
			shellPath = /bin/sh;
			shellScript = "diff \"${PODS_PODFILE_DIR_PATH}/Podfile.lock\" \"${PODS_ROOT}/Manifest.lock\" > /dev/null\nif [ $? != 0 ] ; then\n    # print error to STDERR\n    echo \"error: The sandbox is not in sync with the Podfile.lock. Run 'pod install' or update your CocoaPods installation.\" >&2\n    exit 1\nfi\n# This output is used by Xcode 'outputs' to avoid re-running this script phase.\necho \"SUCCESS\" > \"${SCRIPT_OUTPUT_FILE_0}\"\n";
			showEnvVarsInLog = 0;
		};
/* End PBXShellScriptBuildPhase section */

/* Begin PBXSourcesBuildPhase section */
		515758C9205C2BA700C3DA04 /* Sources */ = {
			isa = PBXSourcesBuildPhase;
			buildActionMask = 2147483647;
			files = (
				515758D3205C2BA700C3DA04 /* ViewController.swift in Sources */,
				515758FF205C31C600C3DA04 /* AuthViewController.swift in Sources */,
				515758D1205C2BA700C3DA04 /* AppDelegate.swift in Sources */,
			);
			runOnlyForDeploymentPostprocessing = 0;
		};
		515758DD205C2BA700C3DA04 /* Sources */ = {
			isa = PBXSourcesBuildPhase;
			buildActionMask = 2147483647;
			files = (
				515758E6205C2BA700C3DA04 /* SignTestAppTests.swift in Sources */,
			);
			runOnlyForDeploymentPostprocessing = 0;
		};
		515758E8205C2BA700C3DA04 /* Sources */ = {
			isa = PBXSourcesBuildPhase;
			buildActionMask = 2147483647;
			files = (
				515758F1205C2BA700C3DA04 /* SignTestAppUITests.swift in Sources */,
			);
			runOnlyForDeploymentPostprocessing = 0;
		};
/* End PBXSourcesBuildPhase section */

/* Begin PBXTargetDependency section */
		515758E3205C2BA700C3DA04 /* PBXTargetDependency */ = {
			isa = PBXTargetDependency;
			target = 515758CC205C2BA700C3DA04 /* SignTestApp */;
			targetProxy = 515758E2205C2BA700C3DA04 /* PBXContainerItemProxy */;
		};
		515758EE205C2BA700C3DA04 /* PBXTargetDependency */ = {
			isa = PBXTargetDependency;
			target = 515758CC205C2BA700C3DA04 /* SignTestApp */;
			targetProxy = 515758ED205C2BA700C3DA04 /* PBXContainerItemProxy */;
		};
/* End PBXTargetDependency section */

/* Begin PBXVariantGroup section */
		515758D4205C2BA700C3DA04 /* Main.storyboard */ = {
			isa = PBXVariantGroup;
			children = (
				515758D5205C2BA700C3DA04 /* Base */,
			);
			name = Main.storyboard;
			sourceTree = "<group>";
		};
		515758D9205C2BA700C3DA04 /* LaunchScreen.storyboard */ = {
			isa = PBXVariantGroup;
			children = (
				515758DA205C2BA700C3DA04 /* Base */,
			);
			name = LaunchScreen.storyboard;
			sourceTree = "<group>";
		};
/* End PBXVariantGroup section */

/* Begin XCBuildConfiguration section */
		515758F3205C2BA700C3DA04 /* Debug */ = {
			isa = XCBuildConfiguration;
			buildSettings = {
				ALWAYS_SEARCH_USER_PATHS = NO;
				CLANG_ANALYZER_NONNULL = YES;
				CLANG_ANALYZER_NUMBER_OBJECT_CONVERSION = YES_AGGRESSIVE;
				CLANG_CXX_LANGUAGE_STANDARD = "gnu++14";
				CLANG_CXX_LIBRARY = "libc++";
				CLANG_ENABLE_MODULES = YES;
				CLANG_ENABLE_OBJC_ARC = YES;
				CLANG_WARN_BLOCK_CAPTURE_AUTORELEASING = YES;
				CLANG_WARN_BOOL_CONVERSION = YES;
				CLANG_WARN_COMMA = YES;
				CLANG_WARN_CONSTANT_CONVERSION = YES;
				CLANG_WARN_DIRECT_OBJC_ISA_USAGE = YES_ERROR;
				CLANG_WARN_DOCUMENTATION_COMMENTS = YES;
				CLANG_WARN_EMPTY_BODY = YES;
				CLANG_WARN_ENUM_CONVERSION = YES;
				CLANG_WARN_INFINITE_RECURSION = YES;
				CLANG_WARN_INT_CONVERSION = YES;
				CLANG_WARN_NON_LITERAL_NULL_CONVERSION = YES;
				CLANG_WARN_OBJC_LITERAL_CONVERSION = YES;
				CLANG_WARN_OBJC_ROOT_CLASS = YES_ERROR;
				CLANG_WARN_RANGE_LOOP_ANALYSIS = YES;
				CLANG_WARN_STRICT_PROTOTYPES = YES;
				CLANG_WARN_SUSPICIOUS_MOVE = YES;
				CLANG_WARN_UNGUARDED_AVAILABILITY = YES_AGGRESSIVE;
				CLANG_WARN_UNREACHABLE_CODE = YES;
				CLANG_WARN__DUPLICATE_METHOD_MATCH = YES;
				CODE_SIGN_IDENTITY = "iPhone Developer";
				COPY_PHASE_STRIP = NO;
				DEBUG_INFORMATION_FORMAT = dwarf;
				ENABLE_STRICT_OBJC_MSGSEND = YES;
				ENABLE_TESTABILITY = YES;
				GCC_C_LANGUAGE_STANDARD = gnu11;
				GCC_DYNAMIC_NO_PIC = NO;
				GCC_NO_COMMON_BLOCKS = YES;
				GCC_OPTIMIZATION_LEVEL = 0;
				GCC_PREPROCESSOR_DEFINITIONS = (
					"DEBUG=1",
					"$(inherited)",
				);
				GCC_WARN_64_TO_32_BIT_CONVERSION = YES;
				GCC_WARN_ABOUT_RETURN_TYPE = YES_ERROR;
				GCC_WARN_UNDECLARED_SELECTOR = YES;
				GCC_WARN_UNINITIALIZED_AUTOS = YES_AGGRESSIVE;
				GCC_WARN_UNUSED_FUNCTION = YES;
				GCC_WARN_UNUSED_VARIABLE = YES;
				IPHONEOS_DEPLOYMENT_TARGET = 11.2;
				MTL_ENABLE_DEBUG_INFO = YES;
				ONLY_ACTIVE_ARCH = YES;
				SDKROOT = iphoneos;
				SWIFT_ACTIVE_COMPILATION_CONDITIONS = DEBUG;
				SWIFT_OPTIMIZATION_LEVEL = "-Onone";
			};
			name = Debug;
		};
		515758F4205C2BA700C3DA04 /* Release */ = {
			isa = XCBuildConfiguration;
			buildSettings = {
				ALWAYS_SEARCH_USER_PATHS = NO;
				CLANG_ANALYZER_NONNULL = YES;
				CLANG_ANALYZER_NUMBER_OBJECT_CONVERSION = YES_AGGRESSIVE;
				CLANG_CXX_LANGUAGE_STANDARD = "gnu++14";
				CLANG_CXX_LIBRARY = "libc++";
				CLANG_ENABLE_MODULES = YES;
				CLANG_ENABLE_OBJC_ARC = YES;
				CLANG_WARN_BLOCK_CAPTURE_AUTORELEASING = YES;
				CLANG_WARN_BOOL_CONVERSION = YES;
				CLANG_WARN_COMMA = YES;
				CLANG_WARN_CONSTANT_CONVERSION = YES;
				CLANG_WARN_DIRECT_OBJC_ISA_USAGE = YES_ERROR;
				CLANG_WARN_DOCUMENTATION_COMMENTS = YES;
				CLANG_WARN_EMPTY_BODY = YES;
				CLANG_WARN_ENUM_CONVERSION = YES;
				CLANG_WARN_INFINITE_RECURSION = YES;
				CLANG_WARN_INT_CONVERSION = YES;
				CLANG_WARN_NON_LITERAL_NULL_CONVERSION = YES;
				CLANG_WARN_OBJC_LITERAL_CONVERSION = YES;
				CLANG_WARN_OBJC_ROOT_CLASS = YES_ERROR;
				CLANG_WARN_RANGE_LOOP_ANALYSIS = YES;
				CLANG_WARN_STRICT_PROTOTYPES = YES;
				CLANG_WARN_SUSPICIOUS_MOVE = YES;
				CLANG_WARN_UNGUARDED_AVAILABILITY = YES_AGGRESSIVE;
				CLANG_WARN_UNREACHABLE_CODE = YES;
				CLANG_WARN__DUPLICATE_METHOD_MATCH = YES;
				CODE_SIGN_IDENTITY = "iPhone Developer";
				COPY_PHASE_STRIP = NO;
				DEBUG_INFORMATION_FORMAT = "dwarf-with-dsym";
				ENABLE_NS_ASSERTIONS = NO;
				ENABLE_STRICT_OBJC_MSGSEND = YES;
				GCC_C_LANGUAGE_STANDARD = gnu11;
				GCC_NO_COMMON_BLOCKS = YES;
				GCC_WARN_64_TO_32_BIT_CONVERSION = YES;
				GCC_WARN_ABOUT_RETURN_TYPE = YES_ERROR;
				GCC_WARN_UNDECLARED_SELECTOR = YES;
				GCC_WARN_UNINITIALIZED_AUTOS = YES_AGGRESSIVE;
				GCC_WARN_UNUSED_FUNCTION = YES;
				GCC_WARN_UNUSED_VARIABLE = YES;
				IPHONEOS_DEPLOYMENT_TARGET = 11.2;
				MTL_ENABLE_DEBUG_INFO = NO;
				SDKROOT = iphoneos;
				SWIFT_OPTIMIZATION_LEVEL = "-Owholemodule";
				VALIDATE_PRODUCT = YES;
			};
			name = Release;
		};
		515758F6205C2BA700C3DA04 /* Debug */ = {
			isa = XCBuildConfiguration;
			baseConfigurationReference = 8424BD750907A6712F575469 /* Pods-SignTestApp.debug.xcconfig */;
			buildSettings = {
				ASSETCATALOG_COMPILER_APPICON_NAME = AppIcon;
				CODE_SIGN_STYLE = Automatic;
				INFOPLIST_FILE = SignTestApp/Info.plist;
				IPHONEOS_DEPLOYMENT_TARGET = 10.0;
				LD_RUNPATH_SEARCH_PATHS = "$(inherited) @executable_path/Frameworks";
				PRODUCT_BUNDLE_IDENTIFIER = com.rafael.SignTestApp;
				PRODUCT_NAME = "$(TARGET_NAME)";
				SWIFT_VERSION = 4.0;
				TARGETED_DEVICE_FAMILY = "1,2";
			};
			name = Debug;
		};
		515758F7205C2BA700C3DA04 /* Release */ = {
			isa = XCBuildConfiguration;
			baseConfigurationReference = F421CAE2819FB9E4BAB6EC27 /* Pods-SignTestApp.release.xcconfig */;
			buildSettings = {
				ASSETCATALOG_COMPILER_APPICON_NAME = AppIcon;
				CODE_SIGN_STYLE = Automatic;
				INFOPLIST_FILE = SignTestApp/Info.plist;
				IPHONEOS_DEPLOYMENT_TARGET = 10.0;
				LD_RUNPATH_SEARCH_PATHS = "$(inherited) @executable_path/Frameworks";
				PRODUCT_BUNDLE_IDENTIFIER = com.rafael.SignTestApp;
				PRODUCT_NAME = "$(TARGET_NAME)";
				SWIFT_VERSION = 4.0;
				TARGETED_DEVICE_FAMILY = "1,2";
			};
			name = Release;
		};
		515758F9205C2BA700C3DA04 /* Debug */ = {
			isa = XCBuildConfiguration;
			buildSettings = {
				ALWAYS_EMBED_SWIFT_STANDARD_LIBRARIES = YES;
				BUNDLE_LOADER = "$(TEST_HOST)";
				CODE_SIGN_STYLE = Automatic;
				INFOPLIST_FILE = SignTestAppTests/Info.plist;
				LD_RUNPATH_SEARCH_PATHS = "$(inherited) @executable_path/Frameworks @loader_path/Frameworks";
				PRODUCT_BUNDLE_IDENTIFIER = com.rafael.SignTestAppTests;
				PRODUCT_NAME = "$(TARGET_NAME)";
				SWIFT_VERSION = 4.0;
				TARGETED_DEVICE_FAMILY = "1,2";
				TEST_HOST = "$(BUILT_PRODUCTS_DIR)/SignTestApp.app/SignTestApp";
			};
			name = Debug;
		};
		515758FA205C2BA700C3DA04 /* Release */ = {
			isa = XCBuildConfiguration;
			buildSettings = {
				ALWAYS_EMBED_SWIFT_STANDARD_LIBRARIES = YES;
				BUNDLE_LOADER = "$(TEST_HOST)";
				CODE_SIGN_STYLE = Automatic;
				INFOPLIST_FILE = SignTestAppTests/Info.plist;
				LD_RUNPATH_SEARCH_PATHS = "$(inherited) @executable_path/Frameworks @loader_path/Frameworks";
				PRODUCT_BUNDLE_IDENTIFIER = com.rafael.SignTestAppTests;
				PRODUCT_NAME = "$(TARGET_NAME)";
				SWIFT_VERSION = 4.0;
				TARGETED_DEVICE_FAMILY = "1,2";
				TEST_HOST = "$(BUILT_PRODUCTS_DIR)/SignTestApp.app/SignTestApp";
			};
			name = Release;
		};
		515758FC205C2BA700C3DA04 /* Debug */ = {
			isa = XCBuildConfiguration;
			buildSettings = {
				ALWAYS_EMBED_SWIFT_STANDARD_LIBRARIES = YES;
				CODE_SIGN_STYLE = Automatic;
				INFOPLIST_FILE = SignTestAppUITests/Info.plist;
				LD_RUNPATH_SEARCH_PATHS = "$(inherited) @executable_path/Frameworks @loader_path/Frameworks";
				PRODUCT_BUNDLE_IDENTIFIER = com.rafael.SignTestAppUITests;
				PRODUCT_NAME = "$(TARGET_NAME)";
				SWIFT_VERSION = 4.0;
				TARGETED_DEVICE_FAMILY = "1,2";
				TEST_TARGET_NAME = SignTestApp;
			};
			name = Debug;
		};
		515758FD205C2BA700C3DA04 /* Release */ = {
			isa = XCBuildConfiguration;
			buildSettings = {
				ALWAYS_EMBED_SWIFT_STANDARD_LIBRARIES = YES;
				CODE_SIGN_STYLE = Automatic;
				INFOPLIST_FILE = SignTestAppUITests/Info.plist;
				LD_RUNPATH_SEARCH_PATHS = "$(inherited) @executable_path/Frameworks @loader_path/Frameworks";
				PRODUCT_BUNDLE_IDENTIFIER = com.rafael.SignTestAppUITests;
				PRODUCT_NAME = "$(TARGET_NAME)";
				SWIFT_VERSION = 4.0;
				TARGETED_DEVICE_FAMILY = "1,2";
				TEST_TARGET_NAME = SignTestApp;
			};
			name = Release;
		};
/* End XCBuildConfiguration section */

/* Begin XCConfigurationList section */
		515758C8205C2BA700C3DA04 /* Build configuration list for PBXProject "SignTestApp" */ = {
			isa = XCConfigurationList;
			buildConfigurations = (
				515758F3205C2BA700C3DA04 /* Debug */,
				515758F4205C2BA700C3DA04 /* Release */,
			);
			defaultConfigurationIsVisible = 0;
			defaultConfigurationName = Release;
		};
		515758F5205C2BA700C3DA04 /* Build configuration list for PBXNativeTarget "SignTestApp" */ = {
			isa = XCConfigurationList;
			buildConfigurations = (
				515758F6205C2BA700C3DA04 /* Debug */,
				515758F7205C2BA700C3DA04 /* Release */,
			);
			defaultConfigurationIsVisible = 0;
			defaultConfigurationName = Release;
		};
		515758F8205C2BA700C3DA04 /* Build configuration list for PBXNativeTarget "SignTestAppTests" */ = {
			isa = XCConfigurationList;
			buildConfigurations = (
				515758F9205C2BA700C3DA04 /* Debug */,
				515758FA205C2BA700C3DA04 /* Release */,
			);
			defaultConfigurationIsVisible = 0;
			defaultConfigurationName = Release;
		};
		515758FB205C2BA700C3DA04 /* Build configuration list for PBXNativeTarget "SignTestAppUITests" */ = {
			isa = XCConfigurationList;
			buildConfigurations = (
				515758FC205C2BA700C3DA04 /* Debug */,
				515758FD205C2BA700C3DA04 /* Release */,
			);
			defaultConfigurationIsVisible = 0;
			defaultConfigurationName = Release;
		};
/* End XCConfigurationList section */
	};
	rootObject = 515758C5205C2BA700C3DA04 /* Project object */;
}
